
Microsoft Visual Studio Solution File, Format Version 12.00
# Visual Studio Version 17
VisualStudioVersion = 17.9.34714.143
MinimumVisualStudioVersion = 10.0.40219.1
Project("{8BC9CEB8-8B4A-11D0-8D11-00A0C91BC942}") = "Game", "Game\Game.vcxproj", "{DE99AD90-A5CC-46B0-B50A-2CCE4A3A40AE}"
EndProject
Project("{8BC9CEB8-8B4A-11D0-8D11-00A0C91BC942}") = "Engine", "Engine\Engine.vcxproj", "{8DA7959C-F3A6-457F-AEF9-6C3144A0B823}"
EndProject
Global
	GlobalSection(SolutionConfigurationPlatforms) = preSolution
		Debug|x64 = Debug|x64
		Debug|x86 = Debug|x86
		Release|x64 = Release|x64
		Release|x86 = Release|x86
	EndGlobalSection
	GlobalSection(ProjectConfigurationPlatforms) = postSolution
		{DE99AD90-A5CC-46B0-B50A-2CCE4A3A40AE}.Debug|x64.ActiveCfg = Debug|x64
		{DE99AD90-A5CC-46B0-B50A-2CCE4A3A40AE}.Debug|x64.Build.0 = Debug|x64
		{DE99AD90-A5CC-46B0-B50A-2CCE4A3A40AE}.Debug|x86.ActiveCfg = Debug|Win32
		{DE99AD90-A5CC-46B0-B50A-2CCE4A3A40AE}.Debug|x86.Build.0 = Debug|Win32
		{DE99AD90-A5CC-46B0-B50A-2CCE4A3A40AE}.Release|x64.ActiveCfg = Release|x64
		{DE99AD90-A5CC-46B0-B50A-2CCE4A3A40AE}.Release|x64.Build.0 = Release|x64
		{DE99AD90-A5CC-46B0-B50A-2CCE4A3A40AE}.Release|x86.ActiveCfg = Release|Win32
		{DE99AD90-A5CC-46B0-B50A-2CCE4A3A40AE}.Release|x86.Build.0 = Release|Win32
		{8DA7959C-F3A6-457F-AEF9-6C3144A0B823}.Debug|x64.ActiveCfg = Debug|x64
		{8DA7959C-F3A6-457F-AEF9-6C3144A0B823}.Debug|x64.Build.0 = Debug|x64
		{8DA7959C-F3A6-457F-AEF9-6C3144A0B823}.Debug|x86.ActiveCfg = Debug|Win32
		{8DA7959C-F3A6-457F-AEF9-6C3144A0B823}.Debug|x86.Build.0 = Debug|Win32
		{8DA7959C-F3A6-457F-AEF9-6C3144A0B823}.Release|x64.ActiveCfg = Release|x64
		{8DA7959C-F3A6-457F-AEF9-6C3144A0B823}.Release|x64.Build.0 = Release|x64
		{8DA7959C-F3A6-457F-AEF9-6C3144A0B823}.Release|x86.ActiveCfg = Release|Win32
		{8DA7959C-F3A6-457F-AEF9-6C3144A0B823}.Release|x86.Build.0 = Release|Win32
	EndGlobalSection
	GlobalSection(SolutionProperties) = preSolution
		HideSolutionNode = FALSE
	EndGlobalSection
	GlobalSection(ExtensibilityGlobals) = postSolution
		SolutionGuid = {342710DA-D9A1-4995-8D66-1308F1D79A73}
	EndGlobalSection
EndGlobal
